
Microsoft Visual Studio Solution File, Format Version 12.00
# Visual Studio Version 17
VisualStudioVersion = 17.11.35222.181
MinimumVisualStudioVersion = 10.0.40219.1
Project("{9A19103F-16F7-4668-BE54-9A1E7A4F7556}") = "CWDemangleCs", "CWDemangleCs\CWDemangleCs.csproj", "{4F657B92-252E-446B-AE3B-DCD112F35042}"
EndProject
Project("{9A19103F-16F7-4668-BE54-9A1E7A4F7556}") = "Tests", "Tests\Tests.csproj", "{8241D867-F9B8-445B-A189-C0FC786C6403}"
EndProject
Project("{FAE04EC0-301F-11D3-BF4B-00C04F79EFBC}") = "CWDemangleCs.CLI", "CWDemangleCs.CLI\CWDemangleCs.CLI.csproj", "{52C46666-841C-470C-99A7-06E7EE84FEF6}"
EndProject
Global
	GlobalSection(SolutionConfigurationPlatforms) = preSolution
		Debug|Any CPU = Debug|Any CPU
		Release|Any CPU = Release|Any CPU
	EndGlobalSection
	GlobalSection(ProjectConfigurationPlatforms) = postSolution
		{4F657B92-252E-446B-AE3B-DCD112F35042}.Debug|Any CPU.ActiveCfg = Debug|Any CPU
		{4F657B92-252E-446B-AE3B-DCD112F35042}.Debug|Any CPU.Build.0 = Debug|Any CPU
		{4F657B92-252E-446B-AE3B-DCD112F35042}.Release|Any CPU.ActiveCfg = Release|Any CPU
		{4F657B92-252E-446B-AE3B-DCD112F35042}.Release|Any CPU.Build.0 = Release|Any CPU
		{8241D867-F9B8-445B-A189-C0FC786C6403}.Debug|Any CPU.ActiveCfg = Debug|Any CPU
		{8241D867-F9B8-445B-A189-C0FC786C6403}.Debug|Any CPU.Build.0 = Debug|Any CPU
		{8241D867-F9B8-445B-A189-C0FC786C6403}.Release|Any CPU.ActiveCfg = Release|Any CPU
		{8241D867-F9B8-445B-A189-C0FC786C6403}.Release|Any CPU.Build.0 = Release|Any CPU
		{52C46666-841C-470C-99A7-06E7EE84FEF6}.Debug|Any CPU.ActiveCfg = Debug|Any CPU
		{52C46666-841C-470C-99A7-06E7EE84FEF6}.Debug|Any CPU.Build.0 = Debug|Any CPU
		{52C46666-841C-470C-99A7-06E7EE84FEF6}.Release|Any CPU.ActiveCfg = Release|Any CPU
		{52C46666-841C-470C-99A7-06E7EE84FEF6}.Release|Any CPU.Build.0 = Release|Any CPU
	EndGlobalSection
	GlobalSection(SolutionProperties) = preSolution
		HideSolutionNode = FALSE
	EndGlobalSection
	GlobalSection(ExtensibilityGlobals) = postSolution
		SolutionGuid = {2E04954F-BA04-4BD0-8ED8-603C1BEB5C5D}
	EndGlobalSection
EndGlobal
